
Microsoft Visual Studio Solution File, Format Version 12.00
# Visual Studio Version 17
VisualStudioVersion = 17.4.33213.308
MinimumVisualStudioVersion = 10.0.40219.1
Project("{9A19103F-16F7-4668-BE54-9A1E7A4F7556}") = "Nutcache.Domain", "src\Nutcache.Domain\Nutcache.Domain.csproj", "{31360E92-0266-4FF1-BB75-D8A72FE50BAE}"
EndProject
Project("{9A19103F-16F7-4668-BE54-9A1E7A4F7556}") = "Nutcache.WebApi", "src\Nutcache.WebApi\Nutcache.WebApi.csproj", "{2A6F0E56-7B10-47F2-BE41-75C58AD7F965}"
	ProjectSection(ProjectDependencies) = postProject
		{CC663CF4-1FEC-45A4-BDD7-E834AD98B8AE} = {CC663CF4-1FEC-45A4-BDD7-E834AD98B8AE}
	EndProjectSection
EndProject
Project("{9A19103F-16F7-4668-BE54-9A1E7A4F7556}") = "Nutcache.Infra.Data", "src\Nutcache.Infra.Data\Nutcache.Infra.Data.csproj", "{CC663CF4-1FEC-45A4-BDD7-E834AD98B8AE}"
EndProject
Project("{9A19103F-16F7-4668-BE54-9A1E7A4F7556}") = "Nutcache.Infra.IoC", "src\Nutcache.Infra.IoC\Nutcache.Infra.IoC.csproj", "{67E8FD27-2734-4305-A7D4-AF2147FAE93C}"
EndProject
Project("{9A19103F-16F7-4668-BE54-9A1E7A4F7556}") = "Nutcache.Application", "src\Nutcache.Application\Nutcache.Application.csproj", "{402559C7-EADA-40B7-B531-4279A4671534}"
EndProject
Project("{2150E333-8FDC-42A3-9474-1A3956D46DE8}") = "tests", "tests", "{49445A65-66EB-4136-B7D9-EDF40766B557}"
EndProject
Project("{9A19103F-16F7-4668-BE54-9A1E7A4F7556}") = "Nutcache.Application.UnitTests", "tests\Nutcache.Application.UnitTests\Nutcache.Application.UnitTests.csproj", "{E9B05CE8-87D0-4FB0-A167-1E5858B5ED43}"
EndProject
Project("{9A19103F-16F7-4668-BE54-9A1E7A4F7556}") = "Nutcache.WebApi.IntegrationTests", "tests\Nutcache.WebApi.IntegrationTests\Nutcache.WebApi.IntegrationTests.csproj", "{B520F770-0E5A-405F-BE75-9D3FBF49ED77}"
EndProject
Project("{9A19103F-16F7-4668-BE54-9A1E7A4F7556}") = "Nutcache.WebUI", "src\Nutcache.WebUI\Nutcache.WebUI.csproj", "{0648C479-5543-483F-97F0-53C7C54B6957}"
EndProject
Global
	GlobalSection(SolutionConfigurationPlatforms) = preSolution
		Debug|Any CPU = Debug|Any CPU
		Release|Any CPU = Release|Any CPU
	EndGlobalSection
	GlobalSection(ProjectConfigurationPlatforms) = postSolution
		{31360E92-0266-4FF1-BB75-D8A72FE50BAE}.Debug|Any CPU.ActiveCfg = Debug|Any CPU
		{31360E92-0266-4FF1-BB75-D8A72FE50BAE}.Debug|Any CPU.Build.0 = Debug|Any CPU
		{31360E92-0266-4FF1-BB75-D8A72FE50BAE}.Release|Any CPU.ActiveCfg = Release|Any CPU
		{31360E92-0266-4FF1-BB75-D8A72FE50BAE}.Release|Any CPU.Build.0 = Release|Any CPU
		{2A6F0E56-7B10-47F2-BE41-75C58AD7F965}.Debug|Any CPU.ActiveCfg = Debug|Any CPU
		{2A6F0E56-7B10-47F2-BE41-75C58AD7F965}.Debug|Any CPU.Build.0 = Debug|Any CPU
		{2A6F0E56-7B10-47F2-BE41-75C58AD7F965}.Release|Any CPU.ActiveCfg = Release|Any CPU
		{2A6F0E56-7B10-47F2-BE41-75C58AD7F965}.Release|Any CPU.Build.0 = Release|Any CPU
		{CC663CF4-1FEC-45A4-BDD7-E834AD98B8AE}.Debug|Any CPU.ActiveCfg = Debug|Any CPU
		{CC663CF4-1FEC-45A4-BDD7-E834AD98B8AE}.Debug|Any CPU.Build.0 = Debug|Any CPU
		{CC663CF4-1FEC-45A4-BDD7-E834AD98B8AE}.Release|Any CPU.ActiveCfg = Release|Any CPU
		{CC663CF4-1FEC-45A4-BDD7-E834AD98B8AE}.Release|Any CPU.Build.0 = Release|Any CPU
		{67E8FD27-2734-4305-A7D4-AF2147FAE93C}.Debug|Any CPU.ActiveCfg = Debug|Any CPU
		{67E8FD27-2734-4305-A7D4-AF2147FAE93C}.Debug|Any CPU.Build.0 = Debug|Any CPU
		{67E8FD27-2734-4305-A7D4-AF2147FAE93C}.Release|Any CPU.ActiveCfg = Release|Any CPU
		{67E8FD27-2734-4305-A7D4-AF2147FAE93C}.Release|Any CPU.Build.0 = Release|Any CPU
		{402559C7-EADA-40B7-B531-4279A4671534}.Debug|Any CPU.ActiveCfg = Debug|Any CPU
		{402559C7-EADA-40B7-B531-4279A4671534}.Debug|Any CPU.Build.0 = Debug|Any CPU
		{402559C7-EADA-40B7-B531-4279A4671534}.Release|Any CPU.ActiveCfg = Release|Any CPU
		{402559C7-EADA-40B7-B531-4279A4671534}.Release|Any CPU.Build.0 = Release|Any CPU
		{E9B05CE8-87D0-4FB0-A167-1E5858B5ED43}.Debug|Any CPU.ActiveCfg = Debug|Any CPU
		{E9B05CE8-87D0-4FB0-A167-1E5858B5ED43}.Debug|Any CPU.Build.0 = Debug|Any CPU
		{E9B05CE8-87D0-4FB0-A167-1E5858B5ED43}.Release|Any CPU.ActiveCfg = Release|Any CPU
		{E9B05CE8-87D0-4FB0-A167-1E5858B5ED43}.Release|Any CPU.Build.0 = Release|Any CPU
		{B520F770-0E5A-405F-BE75-9D3FBF49ED77}.Debug|Any CPU.ActiveCfg = Debug|Any CPU
		{B520F770-0E5A-405F-BE75-9D3FBF49ED77}.Debug|Any CPU.Build.0 = Debug|Any CPU
		{B520F770-0E5A-405F-BE75-9D3FBF49ED77}.Release|Any CPU.ActiveCfg = Release|Any CPU
		{B520F770-0E5A-405F-BE75-9D3FBF49ED77}.Release|Any CPU.Build.0 = Release|Any CPU
		{0648C479-5543-483F-97F0-53C7C54B6957}.Debug|Any CPU.ActiveCfg = Debug|Any CPU
		{0648C479-5543-483F-97F0-53C7C54B6957}.Debug|Any CPU.Build.0 = Debug|Any CPU
		{0648C479-5543-483F-97F0-53C7C54B6957}.Release|Any CPU.ActiveCfg = Release|Any CPU
		{0648C479-5543-483F-97F0-53C7C54B6957}.Release|Any CPU.Build.0 = Release|Any CPU
	EndGlobalSection
	GlobalSection(SolutionProperties) = preSolution
		HideSolutionNode = FALSE
	EndGlobalSection
	GlobalSection(NestedProjects) = preSolution
		{E9B05CE8-87D0-4FB0-A167-1E5858B5ED43} = {49445A65-66EB-4136-B7D9-EDF40766B557}
		{B520F770-0E5A-405F-BE75-9D3FBF49ED77} = {49445A65-66EB-4136-B7D9-EDF40766B557}
	EndGlobalSection
	GlobalSection(ExtensibilityGlobals) = postSolution
		SolutionGuid = {7F539EBD-6ACB-4179-975F-20EE96810479}
	EndGlobalSection
EndGlobal
